// !$*UTF8*$!
{
	archiveVersion = 1;
	classes = {
	};
	objectVersion = 56;
	objects = {

/* Begin PBXBuildFile section */
		992CEEB02B796DEE00FE92A3 /* FingerprintPro in Frameworks */ = {isa = PBXBuildFile; productRef = 992CEEAF2B796DEE00FE92A3 /* FingerprintPro */; };
		992CEEB62B7AD78100FE92A3 /* FirebaseAnalytics in Frameworks */ = {isa = PBXBuildFile; productRef = 992CEEB52B7AD78100FE92A3 /* FirebaseAnalytics */; };
		992CEEB82B7AD78100FE92A3 /* FirebaseAnalyticsOnDeviceConversion in Frameworks */ = {isa = PBXBuildFile; productRef = 992CEEB72B7AD78100FE92A3 /* FirebaseAnalyticsOnDeviceConversion */; };
		992CEEBA2B7AD78100FE92A3 /* FirebaseAnalyticsSwift in Frameworks */ = {isa = PBXBuildFile; productRef = 992CEEB92B7AD78100FE92A3 /* FirebaseAnalyticsSwift */; };
		992CEEBC2B7AD78100FE92A3 /* FirebaseAnalyticsWithoutAdIdSupport in Frameworks */ = {isa = PBXBuildFile; productRef = 992CEEBB2B7AD78100FE92A3 /* FirebaseAnalyticsWithoutAdIdSupport */; };
		992CEEBE2B7AD78100FE92A3 /* FirebaseAppCheck in Frameworks */ = {isa = PBXBuildFile; productRef = 992CEEBD2B7AD78100FE92A3 /* FirebaseAppCheck */; };
		992CEEC12B7ADA8200FE92A3 /* FirebaseAuth in Frameworks */ = {isa = PBXBuildFile; productRef = 992CEEC02B7ADA8200FE92A3 /* FirebaseAuth */; };
		992CEEC52B7CC74600FE92A3 /* GoogleService-Info.plist in Resources */ = {isa = PBXBuildFile; fileRef = 992CEEC42B7CC74600FE92A3 /* GoogleService-Info.plist */; };
		992CEEC72B7D832600FE92A3 /* FirebaseFirestore in Frameworks */ = {isa = PBXBuildFile; productRef = 992CEEC62B7D832600FE92A3 /* FirebaseFirestore */; };
		992CEEC92B7EE05B00FE92A3 /* GetVisitsResponse.swift in Sources */ = {isa = PBXBuildFile; fileRef = 992CEEC82B7EE05B00FE92A3 /* GetVisitsResponse.swift */; };
		99BA6B482B791F6800CA24E2 /* AppDelegate.swift in Sources */ = {isa = PBXBuildFile; fileRef = 99BA6B472B791F6800CA24E2 /* AppDelegate.swift */; };
		99BA6B4A2B791F6800CA24E2 /* SceneDelegate.swift in Sources */ = {isa = PBXBuildFile; fileRef = 99BA6B492B791F6800CA24E2 /* SceneDelegate.swift */; };
		99BA6B4C2B791F6800CA24E2 /* ViewController.swift in Sources */ = {isa = PBXBuildFile; fileRef = 99BA6B4B2B791F6800CA24E2 /* ViewController.swift */; };
		99BA6B4F2B791F6800CA24E2 /* Main.storyboard in Resources */ = {isa = PBXBuildFile; fileRef = 99BA6B4D2B791F6800CA24E2 /* Main.storyboard */; };
		99BA6B512B791F6A00CA24E2 /* Assets.xcassets in Resources */ = {isa = PBXBuildFile; fileRef = 99BA6B502B791F6A00CA24E2 /* Assets.xcassets */; };
		99BA6B542B791F6A00CA24E2 /* LaunchScreen.storyboard in Resources */ = {isa = PBXBuildFile; fileRef = 99BA6B522B791F6A00CA24E2 /* LaunchScreen.storyboard */; };
/* End PBXBuildFile section */

/* Begin PBXFileReference section */
		992CEEC42B7CC74600FE92A3 /* GoogleService-Info.plist */ = {isa = PBXFileReference; fileEncoding = 4; lastKnownFileType = text.plist.xml; path = "GoogleService-Info.plist"; sourceTree = "<group>"; };
		992CEEC82B7EE05B00FE92A3 /* GetVisitsResponse.swift */ = {isa = PBXFileReference; lastKnownFileType = sourcecode.swift; path = GetVisitsResponse.swift; sourceTree = "<group>"; };
		99BA6B442B791F6800CA24E2 /* BrowserFingerprintApp.app */ = {isa = PBXFileReference; explicitFileType = wrapper.application; includeInIndex = 0; path = BrowserFingerprintApp.app; sourceTree = BUILT_PRODUCTS_DIR; };
		99BA6B472B791F6800CA24E2 /* AppDelegate.swift */ = {isa = PBXFileReference; lastKnownFileType = sourcecode.swift; path = AppDelegate.swift; sourceTree = "<group>"; };
		99BA6B492B791F6800CA24E2 /* SceneDelegate.swift */ = {isa = PBXFileReference; lastKnownFileType = sourcecode.swift; path = SceneDelegate.swift; sourceTree = "<group>"; };
		99BA6B4B2B791F6800CA24E2 /* ViewController.swift */ = {isa = PBXFileReference; lastKnownFileType = sourcecode.swift; path = ViewController.swift; sourceTree = "<group>"; };
		99BA6B4E2B791F6800CA24E2 /* Base */ = {isa = PBXFileReference; lastKnownFileType = file.storyboard; name = Base; path = Base.lproj/Main.storyboard; sourceTree = "<group>"; };
		99BA6B502B791F6A00CA24E2 /* Assets.xcassets */ = {isa = PBXFileReference; lastKnownFileType = folder.assetcatalog; path = Assets.xcassets; sourceTree = "<group>"; };
		99BA6B532B791F6A00CA24E2 /* Base */ = {isa = PBXFileReference; lastKnownFileType = file.storyboard; name = Base; path = Base.lproj/LaunchScreen.storyboard; sourceTree = "<group>"; };
		99BA6B552B791F6A00CA24E2 /* Info.plist */ = {isa = PBXFileReference; lastKnownFileType = text.plist.xml; path = Info.plist; sourceTree = "<group>"; };
/* End PBXFileReference section */

/* Begin PBXFrameworksBuildPhase section */
		99BA6B412B791F6800CA24E2 /* Frameworks */ = {
			isa = PBXFrameworksBuildPhase;
			buildActionMask = 2147483647;
			files = (
				992CEEBA2B7AD78100FE92A3 /* FirebaseAnalyticsSwift in Frameworks */,
				992CEEBC2B7AD78100FE92A3 /* FirebaseAnalyticsWithoutAdIdSupport in Frameworks */,
				992CEEB62B7AD78100FE92A3 /* FirebaseAnalytics in Frameworks */,
				992CEEB82B7AD78100FE92A3 /* FirebaseAnalyticsOnDeviceConversion in Frameworks */,
				992CEEBE2B7AD78100FE92A3 /* FirebaseAppCheck in Frameworks */,
				992CEEC72B7D832600FE92A3 /* FirebaseFirestore in Frameworks */,
				992CEEC12B7ADA8200FE92A3 /* FirebaseAuth in Frameworks */,
				992CEEB02B796DEE00FE92A3 /* FingerprintPro in Frameworks */,
			);
			runOnlyForDeploymentPostprocessing = 0;
		};
/* End PBXFrameworksBuildPhase section */

/* Begin PBXGroup section */
		99BA6B3B2B791F6800CA24E2 = {
			isa = PBXGroup;
			children = (
				99BA6B462B791F6800CA24E2 /* BrowserFingerprintApp */,
				99BA6B452B791F6800CA24E2 /* Products */,
			);
			sourceTree = "<group>";
		};
		99BA6B452B791F6800CA24E2 /* Products */ = {
			isa = PBXGroup;
			children = (
				99BA6B442B791F6800CA24E2 /* BrowserFingerprintApp.app */,
			);
			name = Products;
			sourceTree = "<group>";
		};
		99BA6B462B791F6800CA24E2 /* BrowserFingerprintApp */ = {
			isa = PBXGroup;
			children = (
				992CEEC82B7EE05B00FE92A3 /* GetVisitsResponse.swift */,
				99BA6B472B791F6800CA24E2 /* AppDelegate.swift */,
				99BA6B492B791F6800CA24E2 /* SceneDelegate.swift */,
				99BA6B4B2B791F6800CA24E2 /* ViewController.swift */,
				99BA6B4D2B791F6800CA24E2 /* Main.storyboard */,
				99BA6B502B791F6A00CA24E2 /* Assets.xcassets */,
				99BA6B522B791F6A00CA24E2 /* LaunchScreen.storyboard */,
				99BA6B552B791F6A00CA24E2 /* Info.plist */,
				992CEEC42B7CC74600FE92A3 /* GoogleService-Info.plist */,
			);
			path = BrowserFingerprintApp;
			sourceTree = "<group>";
		};
/* End PBXGroup section */

/* Begin PBXNativeTarget section */
		99BA6B432B791F6800CA24E2 /* BrowserFingerprintApp */ = {
			isa = PBXNativeTarget;
			buildConfigurationList = 99BA6B582B791F6A00CA24E2 /* Build configuration list for PBXNativeTarget "BrowserFingerprintApp" */;
			buildPhases = (
				99BA6B402B791F6800CA24E2 /* Sources */,
				99BA6B412B791F6800CA24E2 /* Frameworks */,
				99BA6B422B791F6800CA24E2 /* Resources */,
			);
			buildRules = (
			);
			dependencies = (
			);
			name = BrowserFingerprintApp;
			packageProductDependencies = (
				992CEEAF2B796DEE00FE92A3 /* FingerprintPro */,
				992CEEB52B7AD78100FE92A3 /* FirebaseAnalytics */,
				992CEEB72B7AD78100FE92A3 /* FirebaseAnalyticsOnDeviceConversion */,
				992CEEB92B7AD78100FE92A3 /* FirebaseAnalyticsSwift */,
				992CEEBB2B7AD78100FE92A3 /* FirebaseAnalyticsWithoutAdIdSupport */,
				992CEEBD2B7AD78100FE92A3 /* FirebaseAppCheck */,
				992CEEC02B7ADA8200FE92A3 /* FirebaseAuth */,
				992CEEC62B7D832600FE92A3 /* FirebaseFirestore */,
			);
			productName = BrowserFingerprintApp;
			productReference = 99BA6B442B791F6800CA24E2 /* BrowserFingerprintApp.app */;
			productType = "com.apple.product-type.application";
		};
/* End PBXNativeTarget section */

/* Begin PBXProject section */
		99BA6B3C2B791F6800CA24E2 /* Project object */ = {
			isa = PBXProject;
			attributes = {
				BuildIndependentTargetsInParallel = 1;
				LastSwiftUpdateCheck = 1520;
				LastUpgradeCheck = 1520;
				TargetAttributes = {
					99BA6B432B791F6800CA24E2 = {
						CreatedOnToolsVersion = 15.2;
					};
				};
			};
			buildConfigurationList = 99BA6B3F2B791F6800CA24E2 /* Build configuration list for PBXProject "BrowserFingerprintApp" */;
			compatibilityVersion = "Xcode 14.0";
			developmentRegion = en;
			hasScannedForEncodings = 0;
			knownRegions = (
				en,
				Base,
			);
			mainGroup = 99BA6B3B2B791F6800CA24E2;
			packageReferences = (
				992CEEAE2B796DEE00FE92A3 /* XCRemoteSwiftPackageReference "fingerprintjs-pro-ios" */,
				992CEEB42B7AD78100FE92A3 /* XCRemoteSwiftPackageReference "firebase-ios-sdk" */,
			);
			productRefGroup = 99BA6B452B791F6800CA24E2 /* Products */;
			projectDirPath = "";
			projectRoot = "";
			targets = (
				99BA6B432B791F6800CA24E2 /* BrowserFingerprintApp */,
			);
		};
/* End PBXProject section */

/* Begin PBXResourcesBuildPhase section */
		99BA6B422B791F6800CA24E2 /* Resources */ = {
			isa = PBXResourcesBuildPhase;
			buildActionMask = 2147483647;
			files = (
				99BA6B542B791F6A00CA24E2 /* LaunchScreen.storyboard in Resources */,
				99BA6B512B791F6A00CA24E2 /* Assets.xcassets in Resources */,
				992CEEC52B7CC74600FE92A3 /* GoogleService-Info.plist in Resources */,
				99BA6B4F2B791F6800CA24E2 /* Main.storyboard in Resources */,
			);
			runOnlyForDeploymentPostprocessing = 0;
		};
/* End PBXResourcesBuildPhase section */

/* Begin PBXSourcesBuildPhase section */
		99BA6B402B791F6800CA24E2 /* Sources */ = {
			isa = PBXSourcesBuildPhase;
			buildActionMask = 2147483647;
			files = (
				99BA6B4C2B791F6800CA24E2 /* ViewController.swift in Sources */,
				99BA6B482B791F6800CA24E2 /* AppDelegate.swift in Sources */,
				99BA6B4A2B791F6800CA24E2 /* SceneDelegate.swift in Sources */,
				992CEEC92B7EE05B00FE92A3 /* GetVisitsResponse.swift in Sources */,
			);
			runOnlyForDeploymentPostprocessing = 0;
		};
/* End PBXSourcesBuildPhase section */

/* Begin PBXVariantGroup section */
		99BA6B4D2B791F6800CA24E2 /* Main.storyboard */ = {
			isa = PBXVariantGroup;
			children = (
				99BA6B4E2B791F6800CA24E2 /* Base */,
			);
			name = Main.storyboard;
			sourceTree = "<group>";
		};
		99BA6B522B791F6A00CA24E2 /* LaunchScreen.storyboard */ = {
			isa = PBXVariantGroup;
			children = (
				99BA6B532B791F6A00CA24E2 /* Base */,
			);
			name = LaunchScreen.storyboard;
			sourceTree = "<group>";
		};
/* End PBXVariantGroup section */

/* Begin XCBuildConfiguration section */
		99BA6B562B791F6A00CA24E2 /* Debug */ = {
			isa = XCBuildConfiguration;
			buildSettings = {
				ALWAYS_SEARCH_USER_PATHS = NO;
				ASSETCATALOG_COMPILER_GENERATE_SWIFT_ASSET_SYMBOL_EXTENSIONS = YES;
				CLANG_ANALYZER_NONNULL = YES;
				CLANG_ANALYZER_NUMBER_OBJECT_CONVERSION = YES_AGGRESSIVE;
				CLANG_CXX_LANGUAGE_STANDARD = "gnu++20";
				CLANG_ENABLE_MODULES = YES;
				CLANG_ENABLE_OBJC_ARC = YES;
				CLANG_ENABLE_OBJC_WEAK = YES;
				CLANG_WARN_BLOCK_CAPTURE_AUTORELEASING = YES;
				CLANG_WARN_BOOL_CONVERSION = YES;
				CLANG_WARN_COMMA = YES;
				CLANG_WARN_CONSTANT_CONVERSION = YES;
				CLANG_WARN_DEPRECATED_OBJC_IMPLEMENTATIONS = YES;
				CLANG_WARN_DIRECT_OBJC_ISA_USAGE = YES_ERROR;
				CLANG_WARN_DOCUMENTATION_COMMENTS = YES;
				CLANG_WARN_EMPTY_BODY = YES;
				CLANG_WARN_ENUM_CONVERSION = YES;
				CLANG_WARN_INFINITE_RECURSION = YES;
				CLANG_WARN_INT_CONVERSION = YES;
				CLANG_WARN_NON_LITERAL_NULL_CONVERSION = YES;
				CLANG_WARN_OBJC_IMPLICIT_RETAIN_SELF = YES;
				CLANG_WARN_OBJC_LITERAL_CONVERSION = YES;
				CLANG_WARN_OBJC_ROOT_CLASS = YES_ERROR;
				CLANG_WARN_QUOTED_INCLUDE_IN_FRAMEWORK_HEADER = YES;
				CLANG_WARN_RANGE_LOOP_ANALYSIS = YES;
				CLANG_WARN_STRICT_PROTOTYPES = YES;
				CLANG_WARN_SUSPICIOUS_MOVE = YES;
				CLANG_WARN_UNGUARDED_AVAILABILITY = YES_AGGRESSIVE;
				CLANG_WARN_UNREACHABLE_CODE = YES;
				CLANG_WARN__DUPLICATE_METHOD_MATCH = YES;
				COPY_PHASE_STRIP = NO;
				DEBUG_INFORMATION_FORMAT = dwarf;
				ENABLE_STRICT_OBJC_MSGSEND = YES;
				ENABLE_TESTABILITY = YES;
				ENABLE_USER_SCRIPT_SANDBOXING = YES;
				GCC_C_LANGUAGE_STANDARD = gnu17;
				GCC_DYNAMIC_NO_PIC = NO;
				GCC_NO_COMMON_BLOCKS = YES;
				GCC_OPTIMIZATION_LEVEL = 0;
				GCC_PREPROCESSOR_DEFINITIONS = (
					"DEBUG=1",
					"$(inherited)",
				);
				GCC_WARN_64_TO_32_BIT_CONVERSION = YES;
				GCC_WARN_ABOUT_RETURN_TYPE = YES_ERROR;
				GCC_WARN_UNDECLARED_SELECTOR = YES;
				GCC_WARN_UNINITIALIZED_AUTOS = YES_AGGRESSIVE;
				GCC_WARN_UNUSED_FUNCTION = YES;
				GCC_WARN_UNUSED_VARIABLE = YES;
				IPHONEOS_DEPLOYMENT_TARGET = 17.2;
				LOCALIZATION_PREFERS_STRING_CATALOGS = YES;
				MTL_ENABLE_DEBUG_INFO = INCLUDE_SOURCE;
				MTL_FAST_MATH = YES;
				ONLY_ACTIVE_ARCH = YES;
				SDKROOT = iphoneos;
				SWIFT_ACTIVE_COMPILATION_CONDITIONS = "DEBUG $(inherited)";
				SWIFT_OPTIMIZATION_LEVEL = "-Onone";
			};
			name = Debug;
		};
		99BA6B572B791F6A00CA24E2 /* Release */ = {
			isa = XCBuildConfiguration;
			buildSettings = {
				ALWAYS_SEARCH_USER_PATHS = NO;
				ASSETCATALOG_COMPILER_GENERATE_SWIFT_ASSET_SYMBOL_EXTENSIONS = YES;
				CLANG_ANALYZER_NONNULL = YES;
				CLANG_ANALYZER_NUMBER_OBJECT_CONVERSION = YES_AGGRESSIVE;
				CLANG_CXX_LANGUAGE_STANDARD = "gnu++20";
				CLANG_ENABLE_MODULES = YES;
				CLANG_ENABLE_OBJC_ARC = YES;
				CLANG_ENABLE_OBJC_WEAK = YES;
				CLANG_WARN_BLOCK_CAPTURE_AUTORELEASING = YES;
				CLANG_WARN_BOOL_CONVERSION = YES;
				CLANG_WARN_COMMA = YES;
				CLANG_WARN_CONSTANT_CONVERSION = YES;
				CLANG_WARN_DEPRECATED_OBJC_IMPLEMENTATIONS = YES;
				CLANG_WARN_DIRECT_OBJC_ISA_USAGE = YES_ERROR;
				CLANG_WARN_DOCUMENTATION_COMMENTS = YES;
				CLANG_WARN_EMPTY_BODY = YES;
				CLANG_WARN_ENUM_CONVERSION = YES;
				CLANG_WARN_INFINITE_RECURSION = YES;
				CLANG_WARN_INT_CONVERSION = YES;
				CLANG_WARN_NON_LITERAL_NULL_CONVERSION = YES;
				CLANG_WARN_OBJC_IMPLICIT_RETAIN_SELF = YES;
				CLANG_WARN_OBJC_LITERAL_CONVERSION = YES;
				CLANG_WARN_OBJC_ROOT_CLASS = YES_ERROR;
				CLANG_WARN_QUOTED_INCLUDE_IN_FRAMEWORK_HEADER = YES;
				CLANG_WARN_RANGE_LOOP_ANALYSIS = YES;
				CLANG_WARN_STRICT_PROTOTYPES = YES;
				CLANG_WARN_SUSPICIOUS_MOVE = YES;
				CLANG_WARN_UNGUARDED_AVAILABILITY = YES_AGGRESSIVE;
				CLANG_WARN_UNREACHABLE_CODE = YES;
				CLANG_WARN__DUPLICATE_METHOD_MATCH = YES;
				COPY_PHASE_STRIP = NO;
				DEBUG_INFORMATION_FORMAT = "dwarf-with-dsym";
				ENABLE_NS_ASSERTIONS = NO;
				ENABLE_STRICT_OBJC_MSGSEND = YES;
				ENABLE_USER_SCRIPT_SANDBOXING = YES;
				GCC_C_LANGUAGE_STANDARD = gnu17;
				GCC_NO_COMMON_BLOCKS = YES;
				GCC_WARN_64_TO_32_BIT_CONVERSION = YES;
				GCC_WARN_ABOUT_RETURN_TYPE = YES_ERROR;
				GCC_WARN_UNDECLARED_SELECTOR = YES;
				GCC_WARN_UNINITIALIZED_AUTOS = YES_AGGRESSIVE;
				GCC_WARN_UNUSED_FUNCTION = YES;
				GCC_WARN_UNUSED_VARIABLE = YES;
				IPHONEOS_DEPLOYMENT_TARGET = 17.2;
				LOCALIZATION_PREFERS_STRING_CATALOGS = YES;
				MTL_ENABLE_DEBUG_INFO = NO;
				MTL_FAST_MATH = YES;
				SDKROOT = iphoneos;
				SWIFT_COMPILATION_MODE = wholemodule;
				VALIDATE_PRODUCT = YES;
			};
			name = Release;
		};
		99BA6B592B791F6A00CA24E2 /* Debug */ = {
			isa = XCBuildConfiguration;
			buildSettings = {
				ASSETCATALOG_COMPILER_APPICON_NAME = AppIcon;
				ASSETCATALOG_COMPILER_GLOBAL_ACCENT_COLOR_NAME = AccentColor;
				CODE_SIGN_STYLE = Automatic;
				CURRENT_PROJECT_VERSION = 1;
				GENERATE_INFOPLIST_FILE = YES;
				INFOPLIST_FILE = BrowserFingerprintApp/Info.plist;
				INFOPLIST_KEY_UIApplicationSupportsIndirectInputEvents = YES;
				INFOPLIST_KEY_UILaunchStoryboardName = LaunchScreen;
				INFOPLIST_KEY_UIMainStoryboardFile = Main;
				INFOPLIST_KEY_UISupportedInterfaceOrientations_iPad = "UIInterfaceOrientationPortrait UIInterfaceOrientationPortraitUpsideDown UIInterfaceOrientationLandscapeLeft UIInterfaceOrientationLandscapeRight";
				INFOPLIST_KEY_UISupportedInterfaceOrientations_iPhone = "UIInterfaceOrientationPortrait UIInterfaceOrientationLandscapeLeft UIInterfaceOrientationLandscapeRight";
				LD_RUNPATH_SEARCH_PATHS = (
					"$(inherited)",
					"@executable_path/Frameworks",
				);
				MARKETING_VERSION = 1.0;
				PRODUCT_BUNDLE_IDENTIFIER = com.BrowserFingerprintApp;
				PRODUCT_NAME = "$(TARGET_NAME)";
				SWIFT_EMIT_LOC_STRINGS = YES;
				SWIFT_VERSION = 5.0;
				TARGETED_DEVICE_FAMILY = "1,2";
			};
			name = Debug;
		};
		99BA6B5A2B791F6A00CA24E2 /* Release */ = {
			isa = XCBuildConfiguration;
			buildSettings = {
				ASSETCATALOG_COMPILER_APPICON_NAME = AppIcon;
				ASSETCATALOG_COMPILER_GLOBAL_ACCENT_COLOR_NAME = AccentColor;
				CODE_SIGN_STYLE = Automatic;
				CURRENT_PROJECT_VERSION = 1;
				GENERATE_INFOPLIST_FILE = YES;
				INFOPLIST_FILE = BrowserFingerprintApp/Info.plist;
				INFOPLIST_KEY_UIApplicationSupportsIndirectInputEvents = YES;
				INFOPLIST_KEY_UILaunchStoryboardName = LaunchScreen;
				INFOPLIST_KEY_UIMainStoryboardFile = Main;
				INFOPLIST_KEY_UISupportedInterfaceOrientations_iPad = "UIInterfaceOrientationPortrait UIInterfaceOrientationPortraitUpsideDown UIInterfaceOrientationLandscapeLeft UIInterfaceOrientationLandscapeRight";
				INFOPLIST_KEY_UISupportedInterfaceOrientations_iPhone = "UIInterfaceOrientationPortrait UIInterfaceOrientationLandscapeLeft UIInterfaceOrientationLandscapeRight";
				LD_RUNPATH_SEARCH_PATHS = (
					"$(inherited)",
					"@executable_path/Frameworks",
				);
				MARKETING_VERSION = 1.0;
				PRODUCT_BUNDLE_IDENTIFIER = com.BrowserFingerprintApp;
				PRODUCT_NAME = "$(TARGET_NAME)";
				SWIFT_EMIT_LOC_STRINGS = YES;
				SWIFT_VERSION = 5.0;
				TARGETED_DEVICE_FAMILY = "1,2";
			};
			name = Release;
		};
/* End XCBuildConfiguration section */

/* Begin XCConfigurationList section */
		99BA6B3F2B791F6800CA24E2 /* Build configuration list for PBXProject "BrowserFingerprintApp" */ = {
			isa = XCConfigurationList;
			buildConfigurations = (
				99BA6B562B791F6A00CA24E2 /* Debug */,
				99BA6B572B791F6A00CA24E2 /* Release */,
			);
			defaultConfigurationIsVisible = 0;
			defaultConfigurationName = Release;
		};
		99BA6B582B791F6A00CA24E2 /* Build configuration list for PBXNativeTarget "BrowserFingerprintApp" */ = {
			isa = XCConfigurationList;
			buildConfigurations = (
				99BA6B592B791F6A00CA24E2 /* Debug */,
				99BA6B5A2B791F6A00CA24E2 /* Release */,
			);
			defaultConfigurationIsVisible = 0;
			defaultConfigurationName = Release;
		};
/* End XCConfigurationList section */

/* Begin XCRemoteSwiftPackageReference section */
		992CEEAE2B796DEE00FE92A3 /* XCRemoteSwiftPackageReference "fingerprintjs-pro-ios" */ = {
			isa = XCRemoteSwiftPackageReference;
			repositoryURL = "https://github.com/fingerprintjs/fingerprintjs-pro-ios";
			requirement = {
				kind = exactVersion;
				version = 2.0.0;
			};
		};
		992CEEB42B7AD78100FE92A3 /* XCRemoteSwiftPackageReference "firebase-ios-sdk" */ = {
			isa = XCRemoteSwiftPackageReference;
			repositoryURL = "https://github.com/firebase/firebase-ios-sdk.git";
			requirement = {
				kind = upToNextMajorVersion;
				minimumVersion = 10.21.0;
			};
		};
/* End XCRemoteSwiftPackageReference section */

/* Begin XCSwiftPackageProductDependency section */
		992CEEAF2B796DEE00FE92A3 /* FingerprintPro */ = {
			isa = XCSwiftPackageProductDependency;
			package = 992CEEAE2B796DEE00FE92A3 /* XCRemoteSwiftPackageReference "fingerprintjs-pro-ios" */;
			productName = FingerprintPro;
		};
		992CEEB52B7AD78100FE92A3 /* FirebaseAnalytics */ = {
			isa = XCSwiftPackageProductDependency;
			package = 992CEEB42B7AD78100FE92A3 /* XCRemoteSwiftPackageReference "firebase-ios-sdk" */;
			productName = FirebaseAnalytics;
		};
		992CEEB72B7AD78100FE92A3 /* FirebaseAnalyticsOnDeviceConversion */ = {
			isa = XCSwiftPackageProductDependency;
			package = 992CEEB42B7AD78100FE92A3 /* XCRemoteSwiftPackageReference "firebase-ios-sdk" */;
			productName = FirebaseAnalyticsOnDeviceConversion;
		};
		992CEEB92B7AD78100FE92A3 /* FirebaseAnalyticsSwift */ = {
			isa = XCSwiftPackageProductDependency;
			package = 992CEEB42B7AD78100FE92A3 /* XCRemoteSwiftPackageReference "firebase-ios-sdk" */;
			productName = FirebaseAnalyticsSwift;
		};
		992CEEBB2B7AD78100FE92A3 /* FirebaseAnalyticsWithoutAdIdSupport */ = {
			isa = XCSwiftPackageProductDependency;
			package = 992CEEB42B7AD78100FE92A3 /* XCRemoteSwiftPackageReference "firebase-ios-sdk" */;
			productName = FirebaseAnalyticsWithoutAdIdSupport;
		};
		992CEEBD2B7AD78100FE92A3 /* FirebaseAppCheck */ = {
			isa = XCSwiftPackageProductDependency;
			package = 992CEEB42B7AD78100FE92A3 /* XCRemoteSwiftPackageReference "firebase-ios-sdk" */;
			productName = FirebaseAppCheck;
		};
		992CEEC02B7ADA8200FE92A3 /* FirebaseAuth */ = {
			isa = XCSwiftPackageProductDependency;
			package = 992CEEB42B7AD78100FE92A3 /* XCRemoteSwiftPackageReference "firebase-ios-sdk" */;
			productName = FirebaseAuth;
		};
		992CEEC62B7D832600FE92A3 /* FirebaseFirestore */ = {
			isa = XCSwiftPackageProductDependency;
			package = 992CEEB42B7AD78100FE92A3 /* XCRemoteSwiftPackageReference "firebase-ios-sdk" */;
			productName = FirebaseFirestore;
		};
/* End XCSwiftPackageProductDependency section */
	};
	rootObject = 99BA6B3C2B791F6800CA24E2 /* Project object */;
}
